cloud.google.com/go/compute v1.6.1 h1:2sMmt8prCn7DPaG4Pmh0N3Inmc8cT8ae5k1M6VJ9Wqc=
contrib.go.opencensus.io/exporter/prometheus v0.4.1 h1:oObVeKo2NxpdF/fIfrPsNj6K0Prg0R0mHM+uANlYMiM=
github.com/Azure/azure-sdk-for-go v63.0.0+incompatible h1:whPsa+jCHQSo5wGMPNLw4bz8q9Co2+vnXHzXGctoTaQ=
github.com/Azure/go-autorest v14.2.0+incompatible h1:V5VMDjClD3GiElqLWO7mz2MxNAK/vTfRHdAubSIPRgs=
github.com/Azure/go-autorest/autorest v0.11.25 h1:yp+V8DGur2aIUE87ebP8twPLz6k68jtJTlg61mEoByA=
github.com/Azure/go-autorest/autorest/adal v0.9.18 h1:kLnPsRjzZZUF3K5REu/Kc+qMQrvuza2bwSnNdhmzLfQ=
github.com/Azure/go-autorest/autorest/date v0.3.0 h1:7gUk1U5M/CQbp9WoqinNzJar+8KY+LPI6wiWrP/myHw=
github.com/Azure/go-autorest/autorest/to v0.4.0 h1:oXVqrxakqqV1UZdSazDOPOLvOIz+XA683u8EctwboHk=
github.com/Azure/go-autorest/autorest/validation v0.3.1 h1:AgyqjAd94fwNAoTjl/WQXg4VvFeRFpO+UhNyRXqF1ac=
github.com/Azure/go-autorest/logger v0.2.1 h1:IG7i4p/mDa2Ce4TRyAO8IHnVhAVF3RFU+ZtXWSmf4Tg=
github.com/Azure/go-autorest/tracing v0.6.0 h1:TYi4+3m5t6K48TGI9AUdb+IzbnSxvnvUMfuitfgcfuo=
github.com/Shopify/sarama v1.33.0 h1:2K4mB9M4fo46sAM7t6QTsmSO8dLX1OqznLM7vn3OjZ8=
github.com/alecthomas/units v0.0.0-20211218093645-b94a6e3cc137 h1:s6gZFSlWYmbqAuRjVTiNNhvNRfY2Wxp9nhfyel4rklc=
github.com/antonmedv/expr v1.9.0 h1:j4HI3NHEdgDnN9p6oI6Ndr0G5QryMY0FNxT4ONrFDGU=
github.com/apache/thrift v0.16.0 h1:qEy6UW60iVOlUy+b9ZR0d5WzUWYGOo4HfopoyBaNmoY=
github.com/armon/go-metrics v0.3.10 h1:FR+drcQStOe+32sYyJYyZ7FIdgoGGBnwLl+flodp8Uo=
github.com/aws/aws-sdk-go v1.44.20 h1:nllTRN24EfhDSeKsNbIc6HoC8Ogd2NCJTRB8l84kDlM=
github.com/beevik/ntp v0.2.0/go.mod h1:hIHWr+l3+/clUnF44zdK+CWW7fO8dR5cIylAQ76NRpg=
github.com/beevik/ntp v0.3.0 h1:xzVrPrE4ziasFXgBVBZJDP0Wg/KpMwk2KHJ4Ba8GrDw=
github.com/beorn7/perks v1.0.1 h1:VlbKKnNfV8bJzeqoa4cOKqO6bYr3WgKZxO8Z16+hsOM=
github.com/cenkalti/backoff/v4 v4.1.3 h1:cFAlzYUlVYDysBEH2T5hyJZMh3+5+WCBvSnK6Q8UtC4=
github.com/census-instrumentation/opencensus-proto v0.3.0 h1:t/LhUZLVitR1Ow2YOnduCsavhwFUklBMoGVYUCqmCqk=
github.com/cespare/xxhash/v2 v2.1.2 h1:YRXhKfTDauu4ajMg1TPgFO5jnlC2HCbmLXMcTG5cbYE=
github.com/cncf/xds/go v0.0.0-20211130200136-a8f946100490 h1:KwaoQzs/WeUxxJqiJsZ4euOly1Az/IgZXXSxlD/UBNk=
github.com/davecgh/go-spew v1.1.0/go.mod h1:J7Y8YcW2NihsgmVo/mv3lAwl/skON4iLHjSsI+c5H38=
github.com/davecgh/go-spew v1.1.1 h1:vj9j/u1bqnvCEfJOwUhtlOARqs3+rkHYY13jYWTU97c=
github.com/dennwc/varint v1.0.0 h1:kGNFFSSw8ToIy3obO/kKr8U9GZYUAxQEVuix4zfDWzE=
github.com/digitalocean/godo v1.78.0 h1:hKMfHXChSMjZFMSev+m5R4/2rxZ3HPdhlpeA2pJI72M=
github.com/docker/distribution v2.7.1+incompatible h1:a5mlkVzth6W5A4fOsS3D2EO5BUmsJpcB+cRlLU7cSug=
github.com/docker/docker v20.10.15+incompatible h1:dk9FewY/9Xwm4ay/HViEEHSQuM/kL4F+JaG6GQdgmGo=
github.com/docker/go-connections v0.4.0 h1:El9xVISelRB7BuFusrZozjnkIM5YnzCViNKohAFqRJQ=
github.com/docker/go-units v0.4.0 h1:3uh0PgVws3nIA0Q+MwDC8yjEPf9zjRfZZWXZYDct3Tw=
github.com/eapache/go-resiliency v1.2.0 h1:v7g92e/KSN71Rq7vSThKaWIq68fL4YHvWyiUKorFR1Q=
github.com/eapache/go-xerial-snappy v0.0.0-20180814174437-776d5712da21 h1:YEetp8/yCZMuEPMUDHG0CW/brkkEp8mzqk2+ODEitlw=
github.com/eapache/queue v1.1.0 h1:YOEu7KNc61ntiQlcEeUIoDTJ2o8mQznoNvUhiigpIqc=
github.com/emicklei/go-restful v2.9.5+incompatible h1:spTtZBk5DYEvbxMVutUuTyh1Ao2r4iyvLdACqsl/Ljk=
github.com/envoyproxy/go-control-plane v0.10.2-0.20220325020618-49ff273808a1 h1:xvqufLtNVwAhN8NMyWklVgxnWohi+wtMGQMhtxexlm0=
github.com/envoyproxy/protoc-gen-validate v0.6.7 h1:qcZcULcd/abmQg6dwigimCNEyi4gg31M/xaciQlDml8=
github.com/fatih/color v1.13.0 h1:8LOYc1KYPPmyKMuN8QV2DNRWNbLo6LZ0iLs8+mlH53w=
github.com/felixge/httpsnoop v1.0.2 h1:+nS9g82KMXccJ/wp0zyRW9ZBHFETmMGtkk+2CTTrW4o=
github.com/fogleman/gg v1.3.0 h1:/7zJX8F6AaYQc57WQCyN9cAIz+4bCJGO9B+dyW29am8=
github.com/fogleman/gg v1.3.0/go.mod h1:R/bRT+9gY/C5z7JzPU0zXsXHKM4/ayA+zqcVNZzPa1k=
github.com/fsnotify/fsnotify v1.5.4 h1:jRbGcIw6P2Meqdwuo0H1p6JVLbL5DHKAKlYndzMwVZI=
github.com/go-kit/log v0.2.1 h1:MRVx0/zhvdseW+Gza6N9rVzU/IVzaeE1SFI4raAhmBU=
github.com/go-logfmt/logfmt v0.5.1 h1:otpy5pqBCBZ1ng9RQ0dPu4PN7ba75Y/aA+UpowDyNVA=
github.com/go-logr/logr v1.2.3 h1:2DntVwHkVopvECVRSlL5PSo9eG+cAkDCuckLubN+rq0=
github.com/go-logr/stdr v1.2.2 h1:hSWxHoqTgW2S2qGc0LTAI563KZ5YKYRhT3MFKZMbjag=
github.com/go-openapi/jsonpointer v0.19.5 h1:gZr+CIYByUqjcgeLXnQu2gHYQC9o73G2XUeOFYEICuY=
github.com/go-openapi/jsonreference v0.20.0 h1:MYlu0sBgChmCfJxxUKZ8g1cPWFOB37YSZqewK7OKeyA=
github.com/go-openapi/swag v0.21.1 h1:wm0rhTb5z7qpJRHBdPOMuY4QjVUMbF6/kwoYeRAOrKU=
github.com/go-resty/resty/v2 v2.1.1-0.20191201195748-d7b97669fe48 h1:JVrqSeQfdhYRFk24TvhTZWU0q8lfCojxZQFi3Ou7+uY=
github.com/go-zookeeper/zk v1.0.2 h1:4mx0EYENAdX/B/rbunjlt5+4RTA/a9SMHBRuSKdGxPM=
github.com/gogo/googleapis v1.4.1 h1:1Yx4Myt7BxzvUr5ldGSbwYiZG6t9wGBZ+8/fX3Wvtq0=
github.com/gogo/protobuf v1.3.2 h1:Ov1cvc58UF3b5XjBnZv7+opcTcQFZebYjWzi34vdm4Q=
github.com/gokrazy/fbstatus v0.0.0-20220320150411-da2db56ee4aa h1:5AeJbW81edqFpDS66jBPej3P98Bs/f3qqG16HyA6AOQ=
github.com/gokrazy/fbstatus v0.0.0-20220320150411-da2db56ee4aa/go.mod h1:yEhxMz+iLiaRnAhsa3xkbw17fnQ0fPWYAp7N5a7mHN4=
github.com/gokrazy/firmware v0.0.0-20220525155225-69a5180f9a71 h1:Tf+dhEImlDdZADDQvSUkuGV5m08n1A047+e9c5VgjU4=
github.com/gokrazy/firmware v0.0.0-20220525155225-69a5180f9a71/go.mod h1:nbEte1HMYHF4is+rAadA57SWBONRn7N3kXmafjkusFY=
github.com/gokrazy/gokrazy v0.0.0-20210807090850-31c057fb8eda/go.mod h1:MS+Bx37odRcCRnvQSahJHYxmadDm8pLmQa75sdG1Utw=
github.com/gokrazy/gokrazy v0.0.0-20220528081043-f4eab4c77b2c h1:KxOcbd5bOHTHJoNCJyNeVY/iZfJjI913c1RtKDyMJn0=
github.com/gokrazy/gokrazy v0.0.0-20220528081043-f4eab4c77b2c/go.mod h1:pgBUUZOVv30VhSGOqT5ygjRRE+GSPPWMUFyvyV4tNiI=
github.com/gokrazy/internal v0.0.0-20210621162516-1b3b5687a06d/go.mod h1:Gqv1x1DNrObmBvVvblpZbvZizZ0dU5PwiwYHipmtY9Y=
github.com/gokrazy/internal v0.0.0-20220129150711-9ed298107648 h1:kBuLicM0xJw3xEe4607WlnzGL+qSwPqdyh5/LUiCdq0=
github.com/gokrazy/kernel v0.0.0-20220531074014-6dc468895eb6 h1:7uLp3Ug628ZcdwGjtcnYpYBqSiLsX6e3zOpEwNvyxYI=
github.com/gokrazy/kernel v0.0.0-20220531074014-6dc468895eb6/go.mod h1:9bunbYi8kxZow8AQJl4SiPmglzemYA/f3zrLgKrTmVI=
github.com/gokrazy/rpi-eeprom v0.0.0-20220428044129-9d5655055c00 h1:LIp9vmkDce+d8Ww0xu/8tXW4K7fiXrrQs5JkKKNV1c4=
github.com/gokrazy/rpi-eeprom v0.0.0-20220428044129-9d5655055c00/go.mod h1:vabxV1M+i6S3rGuWoFieHxCJW3jlob3rqe0KV82j+0o=
github.com/gokrazy/stat v0.1.1-0.20210830201256-f0fd5b4d0995 h1:IM/cNgpcJ2ApyTgnWNV0fSvWpPNDV1ggnOTeDjjee1Q=
github.com/gokrazy/stat v0.1.1-0.20210830201256-f0fd5b4d0995/go.mod h1:Rj60LcYZ4iUghvvNm8KBpgfNTLL8RWKUs+vXHS2Jo4A=
github.com/golang-jwt/jwt/v4 v4.2.0 h1:besgBTC8w8HjP6NzQdxwKH9Z5oQMZ24ThTrHp3cZ8eU=
github.com/golang/freetype v0.0.0-20170609003504-e2365dfdc4a0 h1:DACJavvAHhabrF08vX0COfcOBJRhZ8lUbR+ZWIs0Y5g=
github.com/golang/freetype v0.0.0-20170609003504-e2365dfdc4a0/go.mod h1:E/TSTwGwJL78qG/PmXZO1EjYhfJinVAhrmmHX6Z8B9k=
github.com/golang/groupcache v0.0.0-20210331224755-41bb18bfe9da h1:oI5xCqsCo564l8iNU+DwB5epxmsaqB+rhGL0m5jtYqE=
github.com/golang/protobuf v1.5.2 h1:ROPKBNFfQgOUMifHyP+KYbvpjbdoFNs+aK7DXlji0Tw=
github.com/golang/snappy v0.0.4 h1:yAGX7huGHXlcLOEtBnF4w7FQwA26wojNCwOYAEhLjQM=
github.com/google/gnostic v0.5.7-v3refs h1:FhTMOKj2VhjpouxvWJAV1TL304uMlb9zcDqkl6cEI54=
github.com/google/go-cmp v0.5.5/go.mod h1:v8dTdLbMG2kIc/vJvl+f65V22dbkXbowE6jgT/gNBxE=
github.com/google/go-cmp v0.5.8 h1:e6P7q2lk1O+qJJb4BtCQXlK8vWEO8V1ZeuEdJNOqZyg=
github.com/google/go-querystring v1.0.0 h1:Xkwi/a1rcvNg1PPYe5vI8GbeBY/jrVuDX5ASuANWTrk=
github.com/google/gofuzz v1.2.0 h1:xRy4A+RhZaiKjJ1bPfwQ8sedCA+YS2YcCHW6ec7JMi0=
github.com/google/gopacket v1.1.16/go.mod h1:UCLx9mCmAwsVbn6qQl1WIEt2SO7Nd2fD0th1TBAsqBw=
github.com/google/gopacket v1.1.19 h1:ves8RnFZPGiFnTS0uPQStjwru6uO6h+nlr9j6fL7kF8=
github.com/google/renameio/v2 v2.0.0 h1:UifI23ZTGY8Tt29JbYFiuyIU3eX+RNFtUwefq9qAhxg=
github.com/google/uuid v1.3.0 h1:t6JiXgmwXMjEs8VusXIJk2BXHsn+wx8BZdTaoZ5fu7I=
github.com/googleapis/gax-go/v2 v2.3.0 h1:nRJtk3y8Fm770D42QV6T90ZnvFZyk7agSo3Q+Z9p3WI=
github.com/gophercloud/gophercloud v0.24.0 h1:jDsIMGJ1KZpAjYfQgGI2coNQj5Q83oPzuiGJRFWgMzw=
github.com/gorilla/mux v1.8.0 h1:i40aqfkR1h2SlN9hojwV5ZA91wcXFOvkdNIeFDP5koI=
github.com/grafana/regexp v0.0.0-20220304095617-2e8d9baf4ac2 h1:uirlL/j72L93RhV4+mkWhjv0cov2I0MIgPOG9rMDr1k=
github.com/grpc-ecosystem/grpc-gateway v1.16.0 h1:gmcG1KaJ57LophUzW0Hy8NmPhnMZb4M0+kPpLofRdBo=
github.com/hashicorp/consul/api v1.12.0 h1:k3y1FYv6nuKyNTqj6w9gXOx5r5CfLj/k/euUeBXj1OY=
github.com/hashicorp/errwrap v1.1.0 h1:OxrOeh75EUXMY8TBjag2fzXGZ40LB6IKw45YeGUDY2I=
github.com/hashicorp/go-cleanhttp v0.5.2 h1:035FKYIWjmULyFRBKPs8TBQoi0x6d9G4xc9neXJWAZQ=
github.com/hashicorp/go-hclog v1.2.0 h1:La19f8d7WIlm4ogzNHB0JGqs5AUDAZ2UfCY4sJXcJdM=
github.com/hashicorp/go-immutable-radix v1.3.1 h1:DKHmCUm2hRBK510BaiZlwvpD40f8bJFeZnpfm2KLowc=
github.com/hashicorp/go-multierror v1.1.1 h1:H5DkEtf6CXdFp0N0Em5UCwQpXMWke8IA0+lD48awMYo=
github.com/hashicorp/go-rootcerts v1.0.2 h1:jzhAVGtqPKbwpyCPELlgNWhE1znq+qwJtW5Oi2viEzc=
github.com/hashicorp/go-uuid v1.0.2 h1:cfejS+Tpcp13yd5nYHWDI6qVCny6wyX2Mt5SGur2IGE=
github.com/hashicorp/golang-lru v0.5.4 h1:YDjusn29QI/Das2iO9M0BHnIbxPeyuCHsjMW+lJfyTc=
github.com/hashicorp/hcl v1.0.0 h1:0Anlzjpi4vEasTeNFn2mLJgTSwt0+6sfsiTG8qcWGx4=
github.com/hashicorp/serf v0.9.7 h1:hkdgbqizGQHuU5IPqYM1JdSMV8nKfpuOnZYXssk9muY=
github.com/hetznercloud/hcloud-go v1.33.1 h1:W1HdO2bRLTKU4WsyqAasDSpt54fYO4WNckWYfH5AuCQ=
github.com/imdario/mergo v0.3.12 h1:b6R2BslTbIEToALKP7LxUvijTsNI9TAe80pLWN2g/HU=
github.com/jaegertracing/jaeger v1.34.1 h1:mWrhDdf4PJdp3jrJDTaJx/UBpVoQA5lAJFixKPF/Voc=
github.com/jcmturner/aescts/v2 v2.0.0 h1:9YKLH6ey7H4eDBXW8khjYslgyqG2xZikXP0EQFKrle8=
github.com/jcmturner/dnsutils/v2 v2.0.0 h1:lltnkeZGL0wILNvrNiVCR6Ro5PGU/SeBvVO/8c/iPbo=
github.com/jcmturner/gofork v1.0.0 h1:J7uCkflzTEhUZ64xqKnkDxq3kzc96ajM1Gli5ktUem8=
github.com/jcmturner/gokrb5/v8 v8.4.2 h1:6ZIM6b/JJN0X8UM43ZOM6Z4SJzla+a/u7scXFJzodkA=
github.com/jcmturner/rpc/v2 v2.0.3 h1:7FXXj8Ti1IaVFpSAziCZWNzbNuZmnvw/i6CqLNdWfZY=
github.com/jmespath/go-jmespath v0.4.0 h1:BEgLn5cpjn8UN1mAw4NjwDrS35OdebyEtFe+9YPoQUg=
github.com/josharian/intern v1.0.0 h1:vlS4z54oSdjm0bgjRigI+G1HpF+tI+9rE5LLzOg8HmY=
github.com/josharian/native v1.0.0 h1:Ts/E8zCSEsG17dUqv7joXJFybuMLjQfWE04tsBODTxk=
github.com/jpillora/backoff v1.0.0 h1:uvFg412JmmHBHw7iwprIxkPMI+sGQ4kzOWsMeHnm2EA=
github.com/json-iterator/go v1.1.12 h1:PV8peI4a0ysnczrg+LtxykD8LfKY9ML6u2jnxaEnrnM=
github.com/klauspost/compress v1.15.4 h1:1kn4/7MepF/CHmYub99/nNX8az0IJjfSOU/jbnTVfqQ=
github.com/knadh/koanf v1.4.1 h1:Z0VGW/uo8NJmjd+L1Dc3S5frq6c62w5xQ9Yf4Mg3wFQ=
github.com/kolo/xmlrpc v0.0.0-20201022064351-38db28db192b h1:iNjcivnc6lhbvJA3LD622NPrUponluJrBWPIwGG/3Bg=
github.com/linode/linodego v1.4.1 h1:cgpY1jCZ47wfJvWH5V8in7Tphj8T0sR1URiH9e6G2bA=
github.com/magiconair/properties v1.8.6 h1:5ibWZ6iY0NctNGWo87LalDlEZ6R41TqbbDamhfG/Qzo=
github.com/mailru/easyjson v0.7.7 h1:UGYAvKxe3sBsEDzO8ZeWOSlIQfWFlxbzLZe7hwFURr0=
github.com/mattn/go-colorable v0.1.12 h1:jF+Du6AlPIjs2BiUiQlKOX0rt3SujHxPnksPKZbaA40=
github.com/mattn/go-isatty v0.0.14 h1:yVuAays6BHfxijgZPzw+3Zlu5yQgKGP2/hcQbHb7S9Y=
github.com/matttproud/golang_protobuf_extensions v1.0.2-0.20181231171920-c182affec369 h1:I0XW9+e1XWDxdcEniV4rQAIOPUGDq67JSCiRCgGCZLI=
github.com/mdlayher/packet v1.0.0 h1:InhZJbdShQYt6XV2GPj5XHxChzOfhJJOMbvnGAmOfQ8=
github.com/mdlayher/raw v0.0.0-20190303161257-764d452d77af/go.mod h1:rC/yE65s/DoHB6BzVOUBNYBGTg772JVytyAytffIZkY=
github.com/mdlayher/socket v0.2.3 h1:XZA2X2TjdOwNoNPVPclRCURoX/hokBY8nkTmRZFEheM=
github.com/mdlayher/watchdog v0.0.0-20201005150459-8bdc4f41966b h1:7tUBfsEEBWfFeHOB7CUfoOamak+Gx/BlirfXyPk1WjI=
github.com/mdlayher/watchdog v0.0.0-20201005150459-8bdc4f41966b/go.mod h1:bmoJUS6qOA3uKFvF3KVuhf7mU1KQirzQMeHXtPyKEqg=
github.com/miekg/dns v1.1.48 h1:Ucfr7IIVyMBz4lRE8qmGUuZ4Wt3/ZGu9hmcMT3Uu4tQ=
github.com/mitchellh/copystructure v1.2.0 h1:vpKXTN4ewci03Vljg/q9QvCGUDttBOGBIa15WveJJGw=
github.com/mitchellh/go-homedir v1.1.0 h1:lukF9ziXFxDFPkA1vsr5zpc1XuPDn/wFntq5mG+4E0Y=
github.com/mitchellh/mapstructure v1.5.0 h1:jeMsZIYE/09sWLaz43PL7Gy6RuMjD2eJVyuac5Z2hdY=
github.com/mitchellh/reflectwalk v1.0.2 h1:G2LzWKi524PWgd3mLHV8Y5k7s6XUvT0Gef6zxSIeXaQ=
github.com/modern-go/concurrent v0.0.0-20180306012644-bacd9c7ef1dd h1:TRLaZ9cD/w8PVh93nsPXa1VrQ6jlwL5oN8l14QlcNfg=
github.com/modern-go/reflect2 v1.0.2 h1:xBagoLtFs94CBntxluKeaWgTMpvLxC4ur3nMaC9Gz0M=
github.com/mostynb/go-grpc-compression v1.1.16 h1:D9tGUINmcII049pxOj9dl32Fzhp26TrDVQXECoKJqQg=
github.com/munnerz/goautoneg v0.0.0-20191010083416-a7dc8b61c822 h1:C3w9PqII01/Oq1c1nUAm88MOHcQC9l5mIlSMApZMrHA=
github.com/mwitkow/go-conntrack v0.0.0-20190716064945-2f068394615f h1:KUppIJq7/+SVif2QVs3tOP0zanoHgBEVAwHxUSIzRqU=
github.com/open-telemetry/opentelemetry-collector-contrib/exporter/fileexporter v0.52.0 h1:DVS0TvvGkLXeXQpY+PgsaHUtvLad+sAbMrycI+6neBA=
github.com/open-telemetry/opentelemetry-collector-contrib/exporter/jaegerexporter v0.52.0 h1:bPxY3t95L2ULMj0t/o38ib2+T3x5Jmv3oCTlTGwDpvs=
github.com/open-telemetry/opentelemetry-collector-contrib/exporter/kafkaexporter v0.52.0 h1:OeNpZYUBwGdjmHxrD5d8FOHhGYk1qHENU4N7Mzm/wxY=
github.com/open-telemetry/opentelemetry-collector-contrib/exporter/opencensusexporter v0.52.0 h1:1OUqKOGcJnsKiPgUl3I62k1J78DkyIq1VPAet6mG3J8=
github.com/open-telemetry/opentelemetry-collector-contrib/exporter/prometheusexporter v0.52.0 h1:X1sCDDgUqQWawakpwSUAuhrNWVgUzHIN363BcXkMgWE=
github.com/open-telemetry/opentelemetry-collector-contrib/exporter/prometheusremotewriteexporter v0.52.0 h1:8C3bS+S8o2PeH5BNvY7qzPLE5bTdC19BMSyXVh9hW1Q=
github.com/open-telemetry/opentelemetry-collector-contrib/exporter/zipkinexporter v0.52.0 h1:teqDkY0mJl20D1wlPAnSids8TGDdtTENDj+HbxxImFI=
github.com/open-telemetry/opentelemetry-collector-contrib/extension/healthcheckextension v0.52.0 h1:4H1E2UZYwGXSDt/1RhDZClBch1xwzGl/J2OXolu6Taw=
github.com/open-telemetry/opentelemetry-collector-contrib/extension/pprofextension v0.52.0 h1:FzzjG5n9dclEjaZ6WXJVh8vRmoCbU2Hkuj9YzLc0LIY=
github.com/open-telemetry/opentelemetry-collector-contrib/internal/coreinternal v0.52.0 h1:xP8y+aDlqm7iTyf8zp2bFo+9prbmufy9JzVrTjtzFL8=
github.com/open-telemetry/opentelemetry-collector-contrib/internal/sharedcomponent v0.52.0 h1:m81oEH8pgX7T0lUTbKvAVHPFlm+t9FKH3Au752UgqDI=
github.com/open-telemetry/opentelemetry-collector-contrib/pkg/resourcetotelemetry v0.52.0 h1:B3idHO1peQtP4vy7yBqW46+/lS6c3ilivADS7GfWyAE=
github.com/open-telemetry/opentelemetry-collector-contrib/pkg/translator/jaeger v0.52.0 h1:7nXosK3WgHKIRXbCn2AjUTC7T7ELgeFI3FoP/br0OVw=
github.com/open-telemetry/opentelemetry-collector-contrib/pkg/translator/opencensus v0.52.0 h1:MVfO7XswGuYX729+zKkkwVf8qOlKKCAsn1mdwJpsoZA=
github.com/open-telemetry/opentelemetry-collector-contrib/pkg/translator/prometheusremotewrite v0.52.0 h1:dCq0Xh1hy/qxFC5mdPQXKpxAL6uNNIm/saAShOYsz0g=
github.com/open-telemetry/opentelemetry-collector-contrib/pkg/translator/zipkin v0.52.0 h1:pLBwlm4raswv1MwiaouXqK5WQ6KPYvCsoY0w1E9rIqw=
github.com/open-telemetry/opentelemetry-collector-contrib/processor/attributesprocessor v0.52.0 h1:6GaSIk5KcT2pb9v63qD/MGgOvZNKbkotZp76Shm8JWs=
github.com/open-telemetry/opentelemetry-collector-contrib/processor/filterprocessor v0.52.0 h1:LCO9n8TLmZwjOoSSF/3hAJrScrPvXB3183ewPpv7gs8=
github.com/open-telemetry/opentelemetry-collector-contrib/processor/probabilisticsamplerprocessor v0.52.0 h1:jkW8iiIqGuk8sLO5WuLN1h83xWY8LVR2Jb+soWXbqbE=
github.com/open-telemetry/opentelemetry-collector-contrib/processor/resourceprocessor v0.52.0 h1:LaQYkKsWYV4oGXR/cC7DOT6w5ecywe95t+vM2yKZobk=
github.com/open-telemetry/opentelemetry-collector-contrib/processor/spanprocessor v0.52.0 h1:hwpol3g7B7wAREscgj1lQJ/x3WAaj3fVMeYbma/VvTc=
github.com/open-telemetry/opentelemetry-collector-contrib/receiver/hostmetricsreceiver v0.52.0 h1:AmARklTnrRHSzzK+fDQwiN8bT1rKZiK2jD/b2fh+fxE=
github.com/open-telemetry/opentelemetry-collector-contrib/receiver/jaegerreceiver v0.52.0 h1:yZ4GC7cFbQ2qrPQ8pn56sh2XJizPV5bX4GYld4VdAUo=
github.com/open-telemetry/opentelemetry-collector-contrib/receiver/kafkareceiver v0.52.0 h1:3C8l3Cu04HEhbcOP73HNs8a5C3jusIh1rktmKBa8gCo=
github.com/open-telemetry/opentelemetry-collector-contrib/receiver/opencensusreceiver v0.52.0 h1:oq4p0AKkz0zRZC/3RU4iCSQV8b8yF1bFONITv5urGDo=
github.com/open-telemetry/opentelemetry-collector-contrib/receiver/prometheusreceiver v0.52.0 h1:tFWCWe5HxxaC3JziRx2GjfkCLYcZjguVImMZFRgRgr4=
github.com/open-telemetry/opentelemetry-collector-contrib/receiver/zipkinreceiver v0.52.0 h1:2aUHJpKKQYPLH62IRA6MXr9kcN6pdmBOpFWckX1QAsY=
github.com/opencontainers/go-digest v1.0.0 h1:apOUWs51W5PlhuyGyz9FCeeBIOUDA/6nW8Oi/yOhh5U=
github.com/opencontainers/image-spec v1.0.2 h1:9yCKha/T5XdGtO0q9Q9a6T5NUCsTn/DrBg0D7ufOcFM=
github.com/opentracing/opentracing-go v1.2.0 h1:uEJPy/1a5RIPAJ0Ov+OIO8OxWu77jEv+1B0VhjKrZUs=
github.com/openzipkin/zipkin-go v0.4.0 h1:CtfRrOVZtbDj8rt1WXjklw0kqqJQwICrCKmlfUuBUUw=
github.com/pelletier/go-toml v1.9.4 h1:tjENF6MfZAg8e4ZmZTeWaWiT2vXtsoO6+iuOjFhECwM=
github.com/pierrec/lz4 v2.6.1+incompatible h1:9UY3+iC23yxF0UfGaYrGplQ+79Rg+h/q9FV9ix19jjM=
github.com/pkg/errors v0.9.1 h1:FEBLx1zS214owpjy7qsBeixbURkuhQAwrK5UwLGTwt4=
github.com/pmezard/go-difflib v1.0.0 h1:4DBwDE0NGyQoBHbLQYPwSUPoCMWR5BEzIk/f1lZbAQM=
github.com/pmezard/go-difflib v1.0.0/go.mod h1:iKH77koFhYxTK1pcRnkKkqfTogsbg7gZNVY4sRDYZ/4=
github.com/prometheus/client_golang v1.12.2 h1:51L9cDoUHVrXx4zWYlcLQIZ+d+VXHgqnYKkIuq4g/34=
github.com/prometheus/client_model v0.2.0 h1:uq5h0d+GuxiXLJLNABMgp2qUWDPiLvgCzz2dUR+/W/M=
github.com/prometheus/common v0.34.0 h1:RBmGO9d/FVjqHT0yUGQwBJhkwKV+wPCn7KGpvfab0uE=
github.com/prometheus/common/sigv4 v0.1.0 h1:qoVebwtwwEhS85Czm2dSROY5fTo2PAPEVdDeppTwGX4=
github.com/prometheus/procfs v0.7.3 h1:4jVXhlkAyzOScmCkXBTOLRLTz8EeU+eyjrwB/EPq0VU=
github.com/prometheus/prometheus v0.35.1-0.20220503184552-2381d7be5731 h1:THs/itDqjnXLTblN7kE0QhcJ79IbokGJ5e06/WrwxCY=
github.com/prometheus/statsd_exporter v0.21.0 h1:hA05Q5RFeIjgwKIYEdFd59xu5Wwaznf33yKI+pyX6T8=
github.com/rcrowley/go-metrics v0.0.0-20201227073835-cf1acfcdf475 h1:N/ElC8H3+5XpJzTSTfLsJV/mx9Q9g7kxmchpfZyxgzM=
github.com/rs/cors v1.8.2 h1:KCooALfAYGs415Cwu5ABvv9n9509fSiG5SQJn/AQo4U=
github.com/rtr7/dhcp4 v0.0.0-20181120124042-778e8c2e24a5/go.mod h1:FwstIpm6vX98QgtR8KEwZcVjiRn2WP76LjXAHj84fK0=
github.com/rtr7/dhcp4 v0.0.0-20220302171438-18c84d089b46 h1:3psQveH4RUiv5yc3p7kRySilf1nSXLQhAvJFwg4fgnE=
github.com/scaleway/scaleway-sdk-go v1.0.0-beta.9 h1:0roa6gXKgyta64uqh52AQG3wzZXH21unn+ltzQSXML0=
github.com/shirou/gopsutil/v3 v3.22.4 h1:srAQaiX6jX/cYL6q29aE0m8lOskT9CurZ9N61YR3yoI=
github.com/sirupsen/logrus v1.8.1 h1:dJKuHgqk1NNQlqoA6BTlM1Wf9DOH3NBjQyu0h9+AZZE=
github.com/soheilhy/cmux v0.1.5 h1:jjzc5WVemNEDTLwv9tlmemhC73tI08BNOIGwBOo10Js=
github.com/spf13/afero v1.8.2 h1:xehSyVa0YnHWsJ49JFljMpg1HX19V6NDZ1fkm1Xznbo=
github.com/spf13/cast v1.5.0 h1:rj3WzYc11XZaIZMPKmwP96zkFEnnAmV8s6XbB2aY32w=
github.com/spf13/cobra v1.4.0 h1:y+wJpx64xcgO1V+RcnwW0LEHxTKRi2ZDPSBjWnrg88Q=
github.com/spf13/jwalterweatherman v1.1.0 h1:ue6voC5bR5F8YxI5S67j9i582FU4Qvo2bmqnqMYADFk=
github.com/spf13/pflag v1.0.5 h1:iy+VFUOCP1a+8yFto/drg2CJ5u0yRoB7fZw3DKv/JXA=
github.com/spf13/viper v1.11.0 h1:7OX/1FS6n7jHD1zGrZTM7WtY13ZELRyosK4k93oPr44=
github.com/stretchr/objx v0.1.0/go.mod h1:HFkY916IF+rwdDfMAkV7OtwuqBVzrE8GR6GFx+wExME=
github.com/stretchr/testify v1.5.1/go.mod h1:5W2xD1RspED5o8YsWQXVCued0rvSQ+mT+I5cxcmMvtA=
github.com/stretchr/testify v1.7.1 h1:5TQK59W5E3v0r2duFAb7P95B6hEeOyEnHRa8MjYSMTY=
github.com/subosito/gotenv v1.2.0 h1:Slr1R9HxAlEKefgq5jn9U+DnETlIUa6HfgEzj0g5d7s=
github.com/tidwall/gjson v1.10.2 h1:APbLGOM0rrEkd8WBw9C24nllro4ajFuJu0Sc9hRz8Bo=
github.com/tidwall/match v1.1.1 h1:+Ho715JplO36QYgwN9PGYNhgZvoUSc9X2c80KVTi+GA=
github.com/tidwall/pretty v1.2.0 h1:RWIZEg2iJ8/g6fDDYzMpobmaoGh5OLl4AXtGUGPcqCs=
github.com/tidwall/tinylru v1.1.0 h1:XY6IUfzVTU9rpwdhKUF6nQdChgCdGjkMfLzbWyiau6I=
github.com/tidwall/wal v1.1.7 h1:emc1TRjIVsdKKSnpwGBAcsAGg0767SvUk8+ygx7Bb+4=
github.com/tklauser/go-sysconf v0.3.10 h1:IJ1AZGZRWbY8T5Vfk04D9WOA5WSejdflXxP03OUqALw=
github.com/tklauser/numcpus v0.4.0 h1:E53Dm1HjH1/R2/aoCtXtPgzmElmn51aOkhCFSuZq//o=
github.com/uber/jaeger-client-go v2.30.0+incompatible h1:D6wyKGCecFaSRUpo8lCVbaOOb6ThwMmTEbhRwtKR97o=
github.com/uber/jaeger-lib v2.4.1+incompatible h1:td4jdvLcExb4cBISKIpHuGoVXh+dVKhn2Um6rjCsSsg=
github.com/vishvananda/netlink v1.1.0 h1:1iyaYNBLmP6L0220aDnYQpo1QEV4t4hJ+xEEhhJH8j0=
github.com/vishvananda/netns v0.0.0-20211101163701-50045581ed74 h1:gga7acRE695APm9hlsSMoOoE65U4/TcqNj90mc69Rlg=
github.com/xdg-go/pbkdf2 v1.0.0 h1:Su7DPu48wXMwC3bs7MCNG+z4FhcyEuz5dlvchbq0B0c=
github.com/xdg-go/scram v1.1.1 h1:VOMT+81stJgXW3CpHyqHN3AXDYIMsx56mEFrB37Mb/E=
github.com/xdg-go/stringprep v1.0.3 h1:kdwGpVNwPFtjs98xCGkHjQtGKh86rDcRZN17QEMCOIs=
go.opencensus.io v0.23.0 h1:gqCw0LfLxScz8irSi8exQc7fyQ0fKQU/qnC/X8+V/1M=
go.opentelemetry.io/collector v0.52.0 h1:f8860C+jAGtfBIKmF5UFCmKHA3P3ni/KZuVbz3qgvQk=
go.opentelemetry.io/collector/pdata v0.52.0 h1:B0L9fkqKq5xRKFjICK9i11PRyTR52CCYSpTWaynf1Qc=
go.opentelemetry.io/collector/semconv v0.52.0 h1:ogYkQ6WL01xQ4GGSwWQejNTQwy/Pwcd6jCKFLSd7svA=
go.opentelemetry.io/contrib/instrumentation/google.golang.org/grpc/otelgrpc v0.32.0 h1:WenoaOMNP71oq3KkMZ/jnxI9xU/JSCLw8yZILSI2lfU=
go.opentelemetry.io/contrib/instrumentation/net/http/otelhttp v0.32.0 h1:mac9BKRqwaX6zxHPDe3pvmWpwuuIM0vuXv2juCnQevE=
go.opentelemetry.io/contrib/zpages v0.32.0 h1:AVKTx5ppWDaem7A61HFsO1T3CK/t6kFRQoZQMj0/TW4=
go.opentelemetry.io/otel v1.7.0 h1:Z2lA3Tdch0iDcrhJXDIlC94XE+bxok1F9B+4Lz/lGsM=
go.opentelemetry.io/otel/exporters/prometheus v0.30.0 h1:YXo5ZY5nofaEYMCMTTMaRH2cLDZB8+0UGuk5RwMfIo0=
go.opentelemetry.io/otel/metric v0.30.0 h1:Hs8eQZ8aQgs0U49diZoaS6Uaxw3+bBE3lcMUKBFIk3c=
go.opentelemetry.io/otel/sdk v1.7.0 h1:4OmStpcKVOfvDOgCt7UriAPtKolwIhxpnSNI/yK+1B0=
go.opentelemetry.io/otel/sdk/metric v0.30.0 h1:XTqQ4y3erR2Oj8xSAOL5ovO5011ch2ELg51z4fVkpME=
go.opentelemetry.io/otel/trace v1.7.0 h1:O37Iogk1lEkMRXewVtZ1BBTVn5JEp8GrJvP92bJqC6o=
go.uber.org/atomic v1.9.0 h1:ECmE8Bn/WFTYwEW/bpKD3M8VtR/zQVbavAoalC1PYyE=
go.uber.org/goleak v1.1.12 h1:gZAh5/EyT/HQwlpkCy6wTpqfH9H8Lz8zbm3dZh+OyzA=
go.uber.org/multierr v1.8.0 h1:dg6GjLku4EH+249NNmoIciG9N/jURbDG+pFlTkhzIC8=
go.uber.org/zap v1.21.0 h1:WefMeulhovoZ2sYXz7st6K0sLj7bBhpiFaud4r4zST8=
golang.org/x/crypto v0.0.0-20190308221718-c2843e01d9a2/go.mod h1:djNgcEr1/C05ACkg1iLfiJU5Ep61QUkGW8qpdssI0+w=
golang.org/x/crypto v0.0.0-20220507011949-2cf3adece122 h1:NvGWuYG8dkDHFSKksI1P9faiVJ9rayE6l0+ouWVIDs8=
golang.org/x/image v0.0.0-20210628002857-a66eb6448b8d h1:RNPAfi2nHY7C2srAV8A49jpsYr0ADedCk1wq6fTMTvs=
golang.org/x/image v0.0.0-20210628002857-a66eb6448b8d/go.mod h1:023OzeP/+EPmXeapQh35lcL3II3LrY8Ic+EFFKVhULM=
golang.org/x/net v0.0.0-20190404232315-eb5bcb51f2a3/go.mod h1:t9HGtf8HONx5eT2rtn7q6eTqICYqUVnKs3thJo3Qplg=
golang.org/x/net v0.0.0-20220425223048-2871e0cb64e4 h1:HVyaeDAYux4pnY+D/SiwmLOR36ewZ4iGQIIrtnuCjFA=
golang.org/x/oauth2 v0.0.0-20220411215720-9780585627b5 h1:OSnWWcOd/CtWQC2cYSBgbTSJv3ciqd8r54ySIW2y3RE=
golang.org/x/sync v0.0.0-20200317015054-43a5402ce75a/go.mod h1:RxMgew5VJxzue5/jJTE5uejpjVlOe/izrB70Jof72aM=
golang.org/x/sync v0.0.0-20200625203802-6e8e738ad208/go.mod h1:RxMgew5VJxzue5/jJTE5uejpjVlOe/izrB70Jof72aM=
golang.org/x/sync v0.0.0-20201207232520-09787c993a3a/go.mod h1:RxMgew5VJxzue5/jJTE5uejpjVlOe/izrB70Jof72aM=
golang.org/x/sync v0.0.0-20210220032951-036812b2e83c h1:5KslGYwFpkhGh+Q16bwMP3cOontH8FOep7tGV86Y7SQ=
golang.org/x/sys v0.0.0-20190215142949-d0b11bdaac8a/go.mod h1:STP8DvDyc/dI5b8T5hshtkjS+E42TnysNCUPdjciGhY=
golang.org/x/sys v0.0.0-20201005065044-765f4ea38db3/go.mod h1:h1NjWce9XRLGQEsW7wpKNCjG9DtNlClVuFLEZdDNbEs=
golang.org/x/sys v0.0.0-20210616094352-59db8d763f22/go.mod h1:oPkhp1MJrh7nUepCBck5+mAzfO9JrbApNNgaTdGDITg=
golang.org/x/sys v0.0.0-20220503163025-988cb79eb6c6 h1:nonptSpoQ4vQjyraW20DXPAglgQfVnM9ZC6MmNLMR60=
golang.org/x/term v0.0.0-20210927222741-03fcf44c2211 h1:JGgROgKl9N8DuW20oFS5gxc+lE67/N3FcwmBPMe7ArY=
golang.org/x/text v0.3.0/go.mod h1:NqM8EUOU14njkJ3fqMW+pc6Ldnwhi/IjpwHt7yyuwOQ=
golang.org/x/text v0.3.6/go.mod h1:5Zoc/QRtKVWzQhOtBMvqHzDpF6irO9z98xDceosuGiQ=
golang.org/x/text v0.3.7 h1:olpwvP2KacW1ZWvsR7uQhoyTYvKAupfQrRGBFM352Gk=
golang.org/x/time v0.0.0-20220224211638-0e9765cccd65 h1:M73Iuj3xbbb9Uk1DYhzydthsj6oOd6l9bpuFcNoUvTs=
golang.org/x/tools v0.0.0-20180917221912-90fa682c2a6e/go.mod h1:n7NCudcB/nEzxVGmLbDWY5pfWTLqBcC2KZ6jyYvM4mQ=
golang.org/x/xerrors v0.0.0-20191204190536-9bdfabe68543/go.mod h1:I/5z698sn9Ka8TeJc9MKroUUfqBBauWjQqLJ2OPfmY0=
google.golang.org/api v0.80.0 h1:IQWaGVCYnsm4MO3hh+WtSXMzMzuyFx/fuR8qkN3A0Qo=
google.golang.org/genproto v0.0.0-20220505152158-f39f71e6c8f3 h1:q1kiSVscqoDeqTF27eQ2NnLLDmqF0I373qQNXYMy0fo=
google.golang.org/grpc v1.46.2 h1:u+MLGgVf7vRdjEYZ8wDFhAVNmhkbJ5hmrA1LMWK1CAQ=
google.golang.org/protobuf v1.28.0 h1:w43yiav+6bVFTBQFZX0r7ipe9JQ1QsbMgHwbBziscLw=
gopkg.in/check.v1 v0.0.0-20161208181325-20d25e280405/go.mod h1:Co6ibVJAznAaIkqp8huTwlJQCZ016jof/cbN4VW5Yz0=
gopkg.in/inf.v0 v0.9.1 h1:73M5CoZyi3ZLMOyDlQh031Cx6N9NDJ2Vvfl76EDAgDc=
gopkg.in/ini.v1 v1.66.4 h1:SsAcf+mM7mRZo2nJNGt8mZCjG8ZRaNGMURJw7BsIST4=
gopkg.in/yaml.v2 v2.2.2/go.mod h1:hI93XBmqTisBFMUTm0b8Fm+jr3Dg1NNxqwp+5A1VGuI=
gopkg.in/yaml.v2 v2.4.0 h1:D8xgwECY7CYvx+Y2n4sBz93Jn9JRvxdiyyo8CTfuKaY=
gopkg.in/yaml.v3 v3.0.0-20210107192922-496545a6307b h1:h8qDotaEPuJATrMmW04NCwg7v22aHH28wwpauUhK9Oo=
k8s.io/api v0.24.0 h1:J0hann2hfxWr1hinZIDefw7Q96wmCBx6SSB8IY0MdDg=
k8s.io/apimachinery v0.24.0 h1:ydFCyC/DjCvFCHK5OPMKBlxayQytB8pxy8YQInd5UyQ=
k8s.io/client-go v0.24.0 h1:lbE4aB1gTHvYFSwm6eD3OF14NhFDKCejlnsGYlSJe5U=
k8s.io/klog/v2 v2.60.1 h1:VW25q3bZx9uE3vvdL6M8ezOX79vA2Aq1nEWLqNQclHc=
k8s.io/kube-openapi v0.0.0-20220328201542-3ee0da9b0b42 h1:Gii5eqf+GmIEwGNKQYQClCayuJCe2/4fZUvF7VG99sU=
k8s.io/utils v0.0.0-20220210201930-3a6ce19ff2f9 h1:HNSDgDCrr/6Ly3WEGKZftiE7IY19Vz2GdbOCyI4qqhc=
rsc.io/goversion v1.2.0 h1:SPn+NLTiAG7w30IRK/DKp1BjvpWabYgxlLp/+kx5J8w=
rsc.io/goversion v1.2.0/go.mod h1:Eih9y/uIBS3ulggl7KNJ09xGSLcuNaLgmvvqa07sgfo=
sigs.k8s.io/json v0.0.0-20211208200746-9f7c6b3444d2 h1:kDi4JBNAsJWfz1aEXhO8Jg87JJaPNLh5tIzYHgStQ9Y=
sigs.k8s.io/structured-merge-diff/v4 v4.2.1 h1:bKCqE9GvQ5tiVHn5rfn1r+yao3aLQEaLzkkmAkf+A6Y=
sigs.k8s.io/yaml v1.2.0 h1:kr/MCeFWJWTwyaHoR9c8EjH9OumOmoF9YGiZd7lFm/Q=
